// !$*UTF8*$!
{
	archiveVersion = 1;
	classes = {
	};
	objectVersion = 50;
	objects = {

/* Begin PBXBuildFile section */
		17AE9EF721A0E5F700D8917F /* AppDelegate.swift in Sources */ = {isa = PBXBuildFile; fileRef = 17AE9EF621A0E5F700D8917F /* AppDelegate.swift */; };
		17AE9EF921A0E5F700D8917F /* ViewController.swift in Sources */ = {isa = PBXBuildFile; fileRef = 17AE9EF821A0E5F700D8917F /* ViewController.swift */; };
		17AE9EFC21A0E5F700D8917F /* Main.storyboard in Resources */ = {isa = PBXBuildFile; fileRef = 17AE9EFA21A0E5F700D8917F /* Main.storyboard */; };
		17AE9EFE21A0E5F800D8917F /* Assets.xcassets in Resources */ = {isa = PBXBuildFile; fileRef = 17AE9EFD21A0E5F800D8917F /* Assets.xcassets */; };
		17AE9F0121A0E5F800D8917F /* LaunchScreen.storyboard in Resources */ = {isa = PBXBuildFile; fileRef = 17AE9EFF21A0E5F800D8917F /* LaunchScreen.storyboard */; };
		17AE9F0C21A0E5F800D8917F /* TippyTests.swift in Sources */ = {isa = PBXBuildFile; fileRef = 17AE9F0B21A0E5F800D8917F /* TippyTests.swift */; };
		17AE9F1721A0E5F800D8917F /* TippyUITests.swift in Sources */ = {isa = PBXBuildFile; fileRef = 17AE9F1621A0E5F800D8917F /* TippyUITests.swift */; };
		17AE9F3221A1007D00D8917F /* UISliderMin.png in Resources */ = {isa = PBXBuildFile; fileRef = 17AE9F3121A1007D00D8917F /* UISliderMin.png */; };
		17AE9F3621A100B800D8917F /* UISliderMax.png in Resources */ = {isa = PBXBuildFile; fileRef = 17AE9F3521A100B800D8917F /* UISliderMax.png */; };
/* End PBXBuildFile section */

/* Begin PBXContainerItemProxy section */
		17AE9F0821A0E5F800D8917F /* PBXContainerItemProxy */ = {
			isa = PBXContainerItemProxy;
			containerPortal = 17AE9EEB21A0E5F700D8917F /* Project object */;
			proxyType = 1;
			remoteGlobalIDString = 17AE9EF221A0E5F700D8917F;
			remoteInfo = Tippy;
		};
		17AE9F1321A0E5F800D8917F /* PBXContainerItemProxy */ = {
			isa = PBXContainerItemProxy;
			containerPortal = 17AE9EEB21A0E5F700D8917F /* Project object */;
			proxyType = 1;
			remoteGlobalIDString = 17AE9EF221A0E5F700D8917F;
			remoteInfo = Tippy;
		};
/* End PBXContainerItemProxy section */

/* Begin PBXFileReference section */
		17AE9EF321A0E5F700D8917F /* Tippy.app */ = {isa = PBXFileReference; explicitFileType = wrapper.application; includeInIndex = 0; path = Tippy.app; sourceTree = BUILT_PRODUCTS_DIR; };
		17AE9EF621A0E5F700D8917F /* AppDelegate.swift */ = {isa = PBXFileReference; lastKnownFileType = sourcecode.swift; path = AppDelegate.swift; sourceTree = "<group>"; };
		17AE9EF821A0E5F700D8917F /* ViewController.swift */ = {isa = PBXFileReference; lastKnownFileType = sourcecode.swift; path = ViewController.swift; sourceTree = "<group>"; };
		17AE9EFB21A0E5F700D8917F /* Base */ = {isa = PBXFileReference; lastKnownFileType = file.storyboard; name = Base; path = Base.lproj/Main.storyboard; sourceTree = "<group>"; };
		17AE9EFD21A0E5F800D8917F /* Assets.xcassets */ = {isa = PBXFileReference; lastKnownFileType = folder.assetcatalog; path = Assets.xcassets; sourceTree = "<group>"; };
		17AE9F0021A0E5F800D8917F /* Base */ = {isa = PBXFileReference; lastKnownFileType = file.storyboard; name = Base; path = Base.lproj/LaunchScreen.storyboard; sourceTree = "<group>"; };
		17AE9F0221A0E5F800D8917F /* Info.plist */ = {isa = PBXFileReference; lastKnownFileType = text.plist.xml; path = Info.plist; sourceTree = "<group>"; };
		17AE9F0721A0E5F800D8917F /* TippyTests.xctest */ = {isa = PBXFileReference; explicitFileType = wrapper.cfbundle; includeInIndex = 0; path = TippyTests.xctest; sourceTree = BUILT_PRODUCTS_DIR; };
		17AE9F0B21A0E5F800D8917F /* TippyTests.swift */ = {isa = PBXFileReference; lastKnownFileType = sourcecode.swift; path = TippyTests.swift; sourceTree = "<group>"; };
		17AE9F0D21A0E5F800D8917F /* Info.plist */ = {isa = PBXFileReference; lastKnownFileType = text.plist.xml; path = Info.plist; sourceTree = "<group>"; };
		17AE9F1221A0E5F800D8917F /* TippyUITests.xctest */ = {isa = PBXFileReference; explicitFileType = wrapper.cfbundle; includeInIndex = 0; path = TippyUITests.xctest; sourceTree = BUILT_PRODUCTS_DIR; };
		17AE9F1621A0E5F800D8917F /* TippyUITests.swift */ = {isa = PBXFileReference; lastKnownFileType = sourcecode.swift; path = TippyUITests.swift; sourceTree = "<group>"; };
		17AE9F1821A0E5F800D8917F /* Info.plist */ = {isa = PBXFileReference; lastKnownFileType = text.plist.xml; path = Info.plist; sourceTree = "<group>"; };
		17AE9F3121A1007D00D8917F /* UISliderMin.png */ = {isa = PBXFileReference; lastKnownFileType = image.png; name = UISliderMin.png; path = ../../../../Downloads/UISliderMin.png; sourceTree = "<group>"; };
		17AE9F3521A100B800D8917F /* UISliderMax.png */ = {isa = PBXFileReference; lastKnownFileType = image.png; name = UISliderMax.png; path = ../../../../Downloads/UISliderMax.png; sourceTree = "<group>"; };
/* End PBXFileReference section */

/* Begin PBXFrameworksBuildPhase section */
		17AE9EF021A0E5F700D8917F /* Frameworks */ = {
			isa = PBXFrameworksBuildPhase;
			buildActionMask = 2147483647;
			files = (
			);
			runOnlyForDeploymentPostprocessing = 0;
		};
		17AE9F0421A0E5F800D8917F /* Frameworks */ = {
			isa = PBXFrameworksBuildPhase;
			buildActionMask = 2147483647;
			files = (
			);
			runOnlyForDeploymentPostprocessing = 0;
		};
		17AE9F0F21A0E5F800D8917F /* Frameworks */ = {
			isa = PBXFrameworksBuildPhase;
			buildActionMask = 2147483647;
			files = (
			);
			runOnlyForDeploymentPostprocessing = 0;
		};
/* End PBXFrameworksBuildPhase section */

/* Begin PBXGroup section */
		17AE9EEA21A0E5F700D8917F = {
			isa = PBXGroup;
			children = (
				17AE9F2421A0F36C00D8917F /* Resoures */,
				17AE9EF521A0E5F700D8917F /* Tippy */,
				17AE9F0A21A0E5F800D8917F /* TippyTests */,
				17AE9F1521A0E5F800D8917F /* TippyUITests */,
				17AE9EF421A0E5F700D8917F /* Products */,
			);
			sourceTree = "<group>";
		};
		17AE9EF421A0E5F700D8917F /* Products */ = {
			isa = PBXGroup;
			children = (
				17AE9EF321A0E5F700D8917F /* Tippy.app */,
				17AE9F0721A0E5F800D8917F /* TippyTests.xctest */,
				17AE9F1221A0E5F800D8917F /* TippyUITests.xctest */,
			);
			name = Products;
			sourceTree = "<group>";
		};
		17AE9EF521A0E5F700D8917F /* Tippy */ = {
			isa = PBXGroup;
			children = (
				17AE9EF621A0E5F700D8917F /* AppDelegate.swift */,
				17AE9EF821A0E5F700D8917F /* ViewController.swift */,
				17AE9EFA21A0E5F700D8917F /* Main.storyboard */,
				17AE9EFD21A0E5F800D8917F /* Assets.xcassets */,
				17AE9EFF21A0E5F800D8917F /* LaunchScreen.storyboard */,
				17AE9F0221A0E5F800D8917F /* Info.plist */,
			);
			path = Tippy;
			sourceTree = "<group>";
		};
		17AE9F0A21A0E5F800D8917F /* TippyTests */ = {
			isa = PBXGroup;
			children = (
				17AE9F0B21A0E5F800D8917F /* TippyTests.swift */,
				17AE9F0D21A0E5F800D8917F /* Info.plist */,
			);
			path = TippyTests;
			sourceTree = "<group>";
		};
		17AE9F1521A0E5F800D8917F /* TippyUITests */ = {
			isa = PBXGroup;
			children = (
				17AE9F1621A0E5F800D8917F /* TippyUITests.swift */,
				17AE9F1821A0E5F800D8917F /* Info.plist */,
			);
			path = TippyUITests;
			sourceTree = "<group>";
		};
		17AE9F2421A0F36C00D8917F /* Resoures */ = {
			isa = PBXGroup;
			children = (
				17AE9F3121A1007D00D8917F /* UISliderMin.png */,
				17AE9F3521A100B800D8917F /* UISliderMax.png */,
			);
			path = Resoures;
			sourceTree = "<group>";
		};
/* End PBXGroup section */

/* Begin PBXNativeTarget section */
		17AE9EF221A0E5F700D8917F /* Tippy */ = {
			isa = PBXNativeTarget;
			buildConfigurationList = 17AE9F1B21A0E5F800D8917F /* Build configuration list for PBXNativeTarget "Tippy" */;
			buildPhases = (
				17AE9EEF21A0E5F700D8917F /* Sources */,
				17AE9EF021A0E5F700D8917F /* Frameworks */,
				17AE9EF121A0E5F700D8917F /* Resources */,
			);
			buildRules = (
			);
			dependencies = (
			);
			name = Tippy;
			productName = Tippy;
			productReference = 17AE9EF321A0E5F700D8917F /* Tippy.app */;
			productType = "com.apple.product-type.application";
		};
		17AE9F0621A0E5F800D8917F /* TippyTests */ = {
			isa = PBXNativeTarget;
			buildConfigurationList = 17AE9F1E21A0E5F800D8917F /* Build configuration list for PBXNativeTarget "TippyTests" */;
			buildPhases = (
				17AE9F0321A0E5F800D8917F /* Sources */,
				17AE9F0421A0E5F800D8917F /* Frameworks */,
				17AE9F0521A0E5F800D8917F /* Resources */,
			);
			buildRules = (
			);
			dependencies = (
				17AE9F0921A0E5F800D8917F /* PBXTargetDependency */,
			);
			name = TippyTests;
			productName = TippyTests;
			productReference = 17AE9F0721A0E5F800D8917F /* TippyTests.xctest */;
			productType = "com.apple.product-type.bundle.unit-test";
		};
		17AE9F1121A0E5F800D8917F /* TippyUITests */ = {
			isa = PBXNativeTarget;
			buildConfigurationList = 17AE9F2121A0E5F800D8917F /* Build configuration list for PBXNativeTarget "TippyUITests" */;
			buildPhases = (
				17AE9F0E21A0E5F800D8917F /* Sources */,
				17AE9F0F21A0E5F800D8917F /* Frameworks */,
				17AE9F1021A0E5F800D8917F /* Resources */,
			);
			buildRules = (
			);
			dependencies = (
				17AE9F1421A0E5F800D8917F /* PBXTargetDependency */,
			);
			name = TippyUITests;
			productName = TippyUITests;
			productReference = 17AE9F1221A0E5F800D8917F /* TippyUITests.xctest */;
			productType = "com.apple.product-type.bundle.ui-testing";
		};
/* End PBXNativeTarget section */

/* Begin PBXProject section */
		17AE9EEB21A0E5F700D8917F /* Project object */ = {
			isa = PBXProject;
			attributes = {
				LastSwiftUpdateCheck = 1010;
				LastUpgradeCheck = 1010;
				ORGANIZATIONNAME = "Jo Ey";
				TargetAttributes = {
					17AE9EF221A0E5F700D8917F = {
						CreatedOnToolsVersion = 10.1;
					};
					17AE9F0621A0E5F800D8917F = {
						CreatedOnToolsVersion = 10.1;
						TestTargetID = 17AE9EF221A0E5F700D8917F;
					};
					17AE9F1121A0E5F800D8917F = {
						CreatedOnToolsVersion = 10.1;
						TestTargetID = 17AE9EF221A0E5F700D8917F;
					};
				};
			};
			buildConfigurationList = 17AE9EEE21A0E5F700D8917F /* Build configuration list for PBXProject "Tippy" */;
			compatibilityVersion = "Xcode 9.3";
			developmentRegion = en;
			hasScannedForEncodings = 0;
			knownRegions = (
				en,
				Base,
			);
			mainGroup = 17AE9EEA21A0E5F700D8917F;
			productRefGroup = 17AE9EF421A0E5F700D8917F /* Products */;
			projectDirPath = "";
			projectRoot = "";
			targets = (
				17AE9EF221A0E5F700D8917F /* Tippy */,
				17AE9F0621A0E5F800D8917F /* TippyTests */,
				17AE9F1121A0E5F800D8917F /* TippyUITests */,
			);
		};
/* End PBXProject section */

/* Begin PBXResourcesBuildPhase section */
		17AE9EF121A0E5F700D8917F /* Resources */ = {
			isa = PBXResourcesBuildPhase;
			buildActionMask = 2147483647;
			files = (
				17AE9F0121A0E5F800D8917F /* LaunchScreen.storyboard in Resources */,
				17AE9EFE21A0E5F800D8917F /* Assets.xcassets in Resources */,
				17AE9F3621A100B800D8917F /* UISliderMax.png in Resources */,
				17AE9EFC21A0E5F700D8917F /* Main.storyboard in Resources */,
				17AE9F3221A1007D00D8917F /* UISliderMin.png in Resources */,
			);
			runOnlyForDeploymentPostprocessing = 0;
		};
		17AE9F0521A0E5F800D8917F /* Resources */ = {
			isa = PBXResourcesBuildPhase;
			buildActionMask = 2147483647;
			files = (
			);
			runOnlyForDeploymentPostprocessing = 0;
		};
		17AE9F1021A0E5F800D8917F /* Resources */ = {
			isa = PBXResourcesBuildPhase;
			buildActionMask = 2147483647;
			files = (
			);
			runOnlyForDeploymentPostprocessing = 0;
		};
/* End PBXResourcesBuildPhase section */

/* Begin PBXSourcesBuildPhase section */
		17AE9EEF21A0E5F700D8917F /* Sources */ = {
			isa = PBXSourcesBuildPhase;
			buildActionMask = 2147483647;
			files = (
				17AE9EF921A0E5F700D8917F /* ViewController.swift in Sources */,
				17AE9EF721A0E5F700D8917F /* AppDelegate.swift in Sources */,
			);
			runOnlyForDeploymentPostprocessing = 0;
		};
		17AE9F0321A0E5F800D8917F /* Sources */ = {
			isa = PBXSourcesBuildPhase;
			buildActionMask = 2147483647;
			files = (
				17AE9F0C21A0E5F800D8917F /* TippyTests.swift in Sources */,
			);
			runOnlyForDeploymentPostprocessing = 0;
		};
		17AE9F0E21A0E5F800D8917F /* Sources */ = {
			isa = PBXSourcesBuildPhase;
			buildActionMask = 2147483647;
			files = (
				17AE9F1721A0E5F800D8917F /* TippyUITests.swift in Sources */,
			);
			runOnlyForDeploymentPostprocessing = 0;
		};
/* End PBXSourcesBuildPhase section */

/* Begin PBXTargetDependency section */
		17AE9F0921A0E5F800D8917F /* PBXTargetDependency */ = {
			isa = PBXTargetDependency;
			target = 17AE9EF221A0E5F700D8917F /* Tippy */;
			targetProxy = 17AE9F0821A0E5F800D8917F /* PBXContainerItemProxy */;
		};
		17AE9F1421A0E5F800D8917F /* PBXTargetDependency */ = {
			isa = PBXTargetDependency;
			target = 17AE9EF221A0E5F700D8917F /* Tippy */;
			targetProxy = 17AE9F1321A0E5F800D8917F /* PBXContainerItemProxy */;
		};
/* End PBXTargetDependency section */

/* Begin PBXVariantGroup section */
		17AE9EFA21A0E5F700D8917F /* Main.storyboard */ = {
			isa = PBXVariantGroup;
			children = (
				17AE9EFB21A0E5F700D8917F /* Base */,
			);
			name = Main.storyboard;
			sourceTree = "<group>";
		};
		17AE9EFF21A0E5F800D8917F /* LaunchScreen.storyboard */ = {
			isa = PBXVariantGroup;
			children = (
				17AE9F0021A0E5F800D8917F /* Base */,
			);
			name = LaunchScreen.storyboard;
			sourceTree = "<group>";
		};
/* End PBXVariantGroup section */

/* Begin XCBuildConfiguration section */
		17AE9F1921A0E5F800D8917F /* Debug */ = {
			isa = XCBuildConfiguration;
			buildSettings = {
				ALWAYS_SEARCH_USER_PATHS = NO;
				CLANG_ANALYZER_NONNULL = YES;
				CLANG_ANALYZER_NUMBER_OBJECT_CONVERSION = YES_AGGRESSIVE;
				CLANG_CXX_LANGUAGE_STANDARD = "gnu++14";
				CLANG_CXX_LIBRARY = "libc++";
				CLANG_ENABLE_MODULES = YES;
				CLANG_ENABLE_OBJC_ARC = YES;
				CLANG_ENABLE_OBJC_WEAK = YES;
				CLANG_WARN_BLOCK_CAPTURE_AUTORELEASING = YES;
				CLANG_WARN_BOOL_CONVERSION = YES;
				CLANG_WARN_COMMA = YES;
				CLANG_WARN_CONSTANT_CONVERSION = YES;
				CLANG_WARN_DEPRECATED_OBJC_IMPLEMENTATIONS = YES;
				CLANG_WARN_DIRECT_OBJC_ISA_USAGE = YES_ERROR;
				CLANG_WARN_DOCUMENTATION_COMMENTS = YES;
				CLANG_WARN_EMPTY_BODY = YES;
				CLANG_WARN_ENUM_CONVERSION = YES;
				CLANG_WARN_INFINITE_RECURSION = YES;
				CLANG_WARN_INT_CONVERSION = YES;
				CLANG_WARN_NON_LITERAL_NULL_CONVERSION = YES;
				CLANG_WARN_OBJC_IMPLICIT_RETAIN_SELF = YES;
				CLANG_WARN_OBJC_LITERAL_CONVERSION = YES;
				CLANG_WARN_OBJC_ROOT_CLASS = YES_ERROR;
				CLANG_WARN_RANGE_LOOP_ANALYSIS = YES;
				CLANG_WARN_STRICT_PROTOTYPES = YES;
				CLANG_WARN_SUSPICIOUS_MOVE = YES;
				CLANG_WARN_UNGUARDED_AVAILABILITY = YES_AGGRESSIVE;
				CLANG_WARN_UNREACHABLE_CODE = YES;
				CLANG_WARN__DUPLICATE_METHOD_MATCH = YES;
				CODE_SIGN_IDENTITY = "iPhone Developer";
				COPY_PHASE_STRIP = NO;
				DEBUG_INFORMATION_FORMAT = dwarf;
				ENABLE_STRICT_OBJC_MSGSEND = YES;
				ENABLE_TESTABILITY = YES;
				GCC_C_LANGUAGE_STANDARD = gnu11;
				GCC_DYNAMIC_NO_PIC = NO;
				GCC_NO_COMMON_BLOCKS = YES;
				GCC_OPTIMIZATION_LEVEL = 0;
				GCC_PREPROCESSOR_DEFINITIONS = (
					"DEBUG=1",
					"$(inherited)",
				);
				GCC_WARN_64_TO_32_BIT_CONVERSION = YES;
				GCC_WARN_ABOUT_RETURN_TYPE = YES_ERROR;
				GCC_WARN_UNDECLARED_SELECTOR = YES;
				GCC_WARN_UNINITIALIZED_AUTOS = YES_AGGRESSIVE;
				GCC_WARN_UNUSED_FUNCTION = YES;
				GCC_WARN_UNUSED_VARIABLE = YES;
				IPHONEOS_DEPLOYMENT_TARGET = 12.1;
				MTL_ENABLE_DEBUG_INFO = INCLUDE_SOURCE;
				MTL_FAST_MATH = YES;
				ONLY_ACTIVE_ARCH = YES;
				SDKROOT = iphoneos;
				SWIFT_ACTIVE_COMPILATION_CONDITIONS = DEBUG;
				SWIFT_OPTIMIZATION_LEVEL = "-Onone";
			};
			name = Debug;
		};
		17AE9F1A21A0E5F800D8917F /* Release */ = {
			isa = XCBuildConfiguration;
			buildSettings = {
				ALWAYS_SEARCH_USER_PATHS = NO;
				CLANG_ANALYZER_NONNULL = YES;
				CLANG_ANALYZER_NUMBER_OBJECT_CONVERSION = YES_AGGRESSIVE;
				CLANG_CXX_LANGUAGE_STANDARD = "gnu++14";
				CLANG_CXX_LIBRARY = "libc++";
				CLANG_ENABLE_MODULES = YES;
				CLANG_ENABLE_OBJC_ARC = YES;
				CLANG_ENABLE_OBJC_WEAK = YES;
				CLANG_WARN_BLOCK_CAPTURE_AUTORELEASING = YES;
				CLANG_WARN_BOOL_CONVERSION = YES;
				CLANG_WARN_COMMA = YES;
				CLANG_WARN_CONSTANT_CONVERSION = YES;
				CLANG_WARN_DEPRECATED_OBJC_IMPLEMENTATIONS = YES;
				CLANG_WARN_DIRECT_OBJC_ISA_USAGE = YES_ERROR;
				CLANG_WARN_DOCUMENTATION_COMMENTS = YES;
				CLANG_WARN_EMPTY_BODY = YES;
				CLANG_WARN_ENUM_CONVERSION = YES;
				CLANG_WARN_INFINITE_RECURSION = YES;
				CLANG_WARN_INT_CONVERSION = YES;
				CLANG_WARN_NON_LITERAL_NULL_CONVERSION = YES;
				CLANG_WARN_OBJC_IMPLICIT_RETAIN_SELF = YES;
				CLANG_WARN_OBJC_LITERAL_CONVERSION = YES;
				CLANG_WARN_OBJC_ROOT_CLASS = YES_ERROR;
				CLANG_WARN_RANGE_LOOP_ANALYSIS = YES;
				CLANG_WARN_STRICT_PROTOTYPES = YES;
				CLANG_WARN_SUSPICIOUS_MOVE = YES;
				CLANG_WARN_UNGUARDED_AVAILABILITY = YES_AGGRESSIVE;
				CLANG_WARN_UNREACHABLE_CODE = YES;
				CLANG_WARN__DUPLICATE_METHOD_MATCH = YES;
				CODE_SIGN_IDENTITY = "iPhone Developer";
				COPY_PHASE_STRIP = NO;
				DEBUG_INFORMATION_FORMAT = "dwarf-with-dsym";
				ENABLE_NS_ASSERTIONS = NO;
				ENABLE_STRICT_OBJC_MSGSEND = YES;
				GCC_C_LANGUAGE_STANDARD = gnu11;
				GCC_NO_COMMON_BLOCKS = YES;
				GCC_WARN_64_TO_32_BIT_CONVERSION = YES;
				GCC_WARN_ABOUT_RETURN_TYPE = YES_ERROR;
				GCC_WARN_UNDECLARED_SELECTOR = YES;
				GCC_WARN_UNINITIALIZED_AUTOS = YES_AGGRESSIVE;
				GCC_WARN_UNUSED_FUNCTION = YES;
				GCC_WARN_UNUSED_VARIABLE = YES;
				IPHONEOS_DEPLOYMENT_TARGET = 12.1;
				MTL_ENABLE_DEBUG_INFO = NO;
				MTL_FAST_MATH = YES;
				SDKROOT = iphoneos;
				SWIFT_COMPILATION_MODE = wholemodule;
				SWIFT_OPTIMIZATION_LEVEL = "-O";
				VALIDATE_PRODUCT = YES;
			};
			name = Release;
		};
		17AE9F1C21A0E5F800D8917F /* Debug */ = {
			isa = XCBuildConfiguration;
			buildSettings = {
				ASSETCATALOG_COMPILER_APPICON_NAME = AppIcon;
				CODE_SIGN_STYLE = Automatic;
				DEVELOPMENT_TEAM = VY98FM863T;
				INFOPLIST_FILE = Tippy/Info.plist;
				LD_RUNPATH_SEARCH_PATHS = (
					"$(inherited)",
					"@executable_path/Frameworks",
				);
				PRODUCT_BUNDLE_IDENTIFIER = joey.Tippy;
				PRODUCT_NAME = "$(TARGET_NAME)";
				SWIFT_VERSION = 4.2;
				TARGETED_DEVICE_FAMILY = "1,2";
			};
			name = Debug;
		};
		17AE9F1D21A0E5F800D8917F /* Release */ = {
			isa = XCBuildConfiguration;
			buildSettings = {
				ASSETCATALOG_COMPILER_APPICON_NAME = AppIcon;
				CODE_SIGN_STYLE = Automatic;
				DEVELOPMENT_TEAM = VY98FM863T;
				INFOPLIST_FILE = Tippy/Info.plist;
				LD_RUNPATH_SEARCH_PATHS = (
					"$(inherited)",
					"@executable_path/Frameworks",
				);
				PRODUCT_BUNDLE_IDENTIFIER = joey.Tippy;
				PRODUCT_NAME = "$(TARGET_NAME)";
				SWIFT_VERSION = 4.2;
				TARGETED_DEVICE_FAMILY = "1,2";
			};
			name = Release;
		};
		17AE9F1F21A0E5F800D8917F /* Debug */ = {
			isa = XCBuildConfiguration;
			buildSettings = {
				ALWAYS_EMBED_SWIFT_STANDARD_LIBRARIES = YES;
				BUNDLE_LOADER = "$(TEST_HOST)";
				CODE_SIGN_STYLE = Automatic;
				INFOPLIST_FILE = TippyTests/Info.plist;
				LD_RUNPATH_SEARCH_PATHS = (
					"$(inherited)",
					"@executable_path/Frameworks",
					"@loader_path/Frameworks",
				);
				PRODUCT_BUNDLE_IDENTIFIER = joey.TippyTests;
				PRODUCT_NAME = "$(TARGET_NAME)";
				SWIFT_VERSION = 4.2;
				TARGETED_DEVICE_FAMILY = "1,2";
				TEST_HOST = "$(BUILT_PRODUCTS_DIR)/Tippy.app/Tippy";
			};
			name = Debug;
		};
		17AE9F2021A0E5F800D8917F /* Release */ = {
			isa = XCBuildConfiguration;
			buildSettings = {
				ALWAYS_EMBED_SWIFT_STANDARD_LIBRARIES = YES;
				BUNDLE_LOADER = "$(TEST_HOST)";
				CODE_SIGN_STYLE = Automatic;
				INFOPLIST_FILE = TippyTests/Info.plist;
				LD_RUNPATH_SEARCH_PATHS = (
					"$(inherited)",
					"@executable_path/Frameworks",
					"@loader_path/Frameworks",
				);
				PRODUCT_BUNDLE_IDENTIFIER = joey.TippyTests;
				PRODUCT_NAME = "$(TARGET_NAME)";
				SWIFT_VERSION = 4.2;
				TARGETED_DEVICE_FAMILY = "1,2";
				TEST_HOST = "$(BUILT_PRODUCTS_DIR)/Tippy.app/Tippy";
			};
			name = Release;
		};
		17AE9F2221A0E5F800D8917F /* Debug */ = {
			isa = XCBuildConfiguration;
			buildSettings = {
				ALWAYS_EMBED_SWIFT_STANDARD_LIBRARIES = YES;
				CODE_SIGN_STYLE = Automatic;
				INFOPLIST_FILE = TippyUITests/Info.plist;
				LD_RUNPATH_SEARCH_PATHS = (
					"$(inherited)",
					"@executable_path/Frameworks",
					"@loader_path/Frameworks",
				);
				PRODUCT_BUNDLE_IDENTIFIER = joey.TippyUITests;
				PRODUCT_NAME = "$(TARGET_NAME)";
				SWIFT_VERSION = 4.2;
				TARGETED_DEVICE_FAMILY = "1,2";
				TEST_TARGET_NAME = Tippy;
			};
			name = Debug;
		};
		17AE9F2321A0E5F800D8917F /* Release */ = {
			isa = XCBuildConfiguration;
			buildSettings = {
				ALWAYS_EMBED_SWIFT_STANDARD_LIBRARIES = YES;
				CODE_SIGN_STYLE = Automatic;
				INFOPLIST_FILE = TippyUITests/Info.plist;
				LD_RUNPATH_SEARCH_PATHS = (
					"$(inherited)",
					"@executable_path/Frameworks",
					"@loader_path/Frameworks",
				);
				PRODUCT_BUNDLE_IDENTIFIER = joey.TippyUITests;
				PRODUCT_NAME = "$(TARGET_NAME)";
				SWIFT_VERSION = 4.2;
				TARGETED_DEVICE_FAMILY = "1,2";
				TEST_TARGET_NAME = Tippy;
			};
			name = Release;
		};
/* End XCBuildConfiguration section */

/* Begin XCConfigurationList section */
		17AE9EEE21A0E5F700D8917F /* Build configuration list for PBXProject "Tippy" */ = {
			isa = XCConfigurationList;
			buildConfigurations = (
				17AE9F1921A0E5F800D8917F /* Debug */,
				17AE9F1A21A0E5F800D8917F /* Release */,
			);
			defaultConfigurationIsVisible = 0;
			defaultConfigurationName = Release;
		};
		17AE9F1B21A0E5F800D8917F /* Build configuration list for PBXNativeTarget "Tippy" */ = {
			isa = XCConfigurationList;
			buildConfigurations = (
				17AE9F1C21A0E5F800D8917F /* Debug */,
				17AE9F1D21A0E5F800D8917F /* Release */,
			);
			defaultConfigurationIsVisible = 0;
			defaultConfigurationName = Release;
		};
		17AE9F1E21A0E5F800D8917F /* Build configuration list for PBXNativeTarget "TippyTests" */ = {
			isa = XCConfigurationList;
			buildConfigurations = (
				17AE9F1F21A0E5F800D8917F /* Debug */,
				17AE9F2021A0E5F800D8917F /* Release */,
			);
			defaultConfigurationIsVisible = 0;
			defaultConfigurationName = Release;
		};
		17AE9F2121A0E5F800D8917F /* Build configuration list for PBXNativeTarget "TippyUITests" */ = {
			isa = XCConfigurationList;
			buildConfigurations = (
				17AE9F2221A0E5F800D8917F /* Debug */,
				17AE9F2321A0E5F800D8917F /* Release */,
			);
			defaultConfigurationIsVisible = 0;
			defaultConfigurationName = Release;
		};
/* End XCConfigurationList section */
	};
	rootObject = 17AE9EEB21A0E5F700D8917F /* Project object */;
}
